
Microsoft Visual Studio Solution File, Format Version 12.00
# Visual Studio Version 17
VisualStudioVersion = 17.11.35222.181
MinimumVisualStudioVersion = 10.0.40219.1
Project("{8BC9CEB8-8B4A-11D0-8D11-00A0C91BC942}") = "TEST01", "TEST01.vcxproj", "{E0D685EE-2C66-42B6-B3F6-21855551CAF4}"
EndProject
Project("{8BC9CEB8-8B4A-11D0-8D11-00A0C91BC942}") = "Variables1", "..\Variables1\Variables1.vcxproj", "{716615AB-14BA-4E88-AF78-5F788BDA543F}"
EndProject
Project("{8BC9CEB8-8B4A-11D0-8D11-00A0C91BC942}") = "VariablesTest1", "..\VariablesTest1\VariablesTest1.vcxproj", "{EA2C630A-E08E-4140-B26B-801BBD62FC2B}"
EndProject
Project("{8BC9CEB8-8B4A-11D0-8D11-00A0C91BC942}") = "VariablesTest2", "..\VariablesTest2\VariablesTest2.vcxproj", "{788FA01B-DD62-4A1A-A6C9-5F8A11666140}"
EndProject
Project("{8BC9CEB8-8B4A-11D0-8D11-00A0C91BC942}") = "VariablesTest3", "..\VariablesTest3\VariablesTest3.vcxproj", "{46899FCC-F3C6-438E-B5F2-83C0C4220D16}"
EndProject
Global
	GlobalSection(SolutionConfigurationPlatforms) = preSolution
		Debug|x64 = Debug|x64
		Debug|x86 = Debug|x86
		Release|x64 = Release|x64
		Release|x86 = Release|x86
	EndGlobalSection
	GlobalSection(ProjectConfigurationPlatforms) = postSolution
		{E0D685EE-2C66-42B6-B3F6-21855551CAF4}.Debug|x64.ActiveCfg = Debug|x64
		{E0D685EE-2C66-42B6-B3F6-21855551CAF4}.Debug|x64.Build.0 = Debug|x64
		{E0D685EE-2C66-42B6-B3F6-21855551CAF4}.Debug|x86.ActiveCfg = Debug|Win32
		{E0D685EE-2C66-42B6-B3F6-21855551CAF4}.Debug|x86.Build.0 = Debug|Win32
		{E0D685EE-2C66-42B6-B3F6-21855551CAF4}.Release|x64.ActiveCfg = Release|x64
		{E0D685EE-2C66-42B6-B3F6-21855551CAF4}.Release|x64.Build.0 = Release|x64
		{E0D685EE-2C66-42B6-B3F6-21855551CAF4}.Release|x86.ActiveCfg = Release|Win32
		{E0D685EE-2C66-42B6-B3F6-21855551CAF4}.Release|x86.Build.0 = Release|Win32
		{716615AB-14BA-4E88-AF78-5F788BDA543F}.Debug|x64.ActiveCfg = Debug|x64
		{716615AB-14BA-4E88-AF78-5F788BDA543F}.Debug|x64.Build.0 = Debug|x64
		{716615AB-14BA-4E88-AF78-5F788BDA543F}.Debug|x86.ActiveCfg = Debug|Win32
		{716615AB-14BA-4E88-AF78-5F788BDA543F}.Debug|x86.Build.0 = Debug|Win32
		{716615AB-14BA-4E88-AF78-5F788BDA543F}.Release|x64.ActiveCfg = Release|x64
		{716615AB-14BA-4E88-AF78-5F788BDA543F}.Release|x64.Build.0 = Release|x64
		{716615AB-14BA-4E88-AF78-5F788BDA543F}.Release|x86.ActiveCfg = Release|Win32
		{716615AB-14BA-4E88-AF78-5F788BDA543F}.Release|x86.Build.0 = Release|Win32
		{EA2C630A-E08E-4140-B26B-801BBD62FC2B}.Debug|x64.ActiveCfg = Debug|x64
		{EA2C630A-E08E-4140-B26B-801BBD62FC2B}.Debug|x64.Build.0 = Debug|x64
		{EA2C630A-E08E-4140-B26B-801BBD62FC2B}.Debug|x86.ActiveCfg = Debug|Win32
		{EA2C630A-E08E-4140-B26B-801BBD62FC2B}.Debug|x86.Build.0 = Debug|Win32
		{EA2C630A-E08E-4140-B26B-801BBD62FC2B}.Release|x64.ActiveCfg = Release|x64
		{EA2C630A-E08E-4140-B26B-801BBD62FC2B}.Release|x64.Build.0 = Release|x64
		{EA2C630A-E08E-4140-B26B-801BBD62FC2B}.Release|x86.ActiveCfg = Release|Win32
		{EA2C630A-E08E-4140-B26B-801BBD62FC2B}.Release|x86.Build.0 = Release|Win32
		{788FA01B-DD62-4A1A-A6C9-5F8A11666140}.Debug|x64.ActiveCfg = Debug|x64
		{788FA01B-DD62-4A1A-A6C9-5F8A11666140}.Debug|x64.Build.0 = Debug|x64
		{788FA01B-DD62-4A1A-A6C9-5F8A11666140}.Debug|x86.ActiveCfg = Debug|Win32
		{788FA01B-DD62-4A1A-A6C9-5F8A11666140}.Debug|x86.Build.0 = Debug|Win32
		{788FA01B-DD62-4A1A-A6C9-5F8A11666140}.Release|x64.ActiveCfg = Release|x64
		{788FA01B-DD62-4A1A-A6C9-5F8A11666140}.Release|x64.Build.0 = Release|x64
		{788FA01B-DD62-4A1A-A6C9-5F8A11666140}.Release|x86.ActiveCfg = Release|Win32
		{788FA01B-DD62-4A1A-A6C9-5F8A11666140}.Release|x86.Build.0 = Release|Win32
		{46899FCC-F3C6-438E-B5F2-83C0C4220D16}.Debug|x64.ActiveCfg = Debug|x64
		{46899FCC-F3C6-438E-B5F2-83C0C4220D16}.Debug|x64.Build.0 = Debug|x64
		{46899FCC-F3C6-438E-B5F2-83C0C4220D16}.Debug|x86.ActiveCfg = Debug|Win32
		{46899FCC-F3C6-438E-B5F2-83C0C4220D16}.Debug|x86.Build.0 = Debug|Win32
		{46899FCC-F3C6-438E-B5F2-83C0C4220D16}.Release|x64.ActiveCfg = Release|x64
		{46899FCC-F3C6-438E-B5F2-83C0C4220D16}.Release|x64.Build.0 = Release|x64
		{46899FCC-F3C6-438E-B5F2-83C0C4220D16}.Release|x86.ActiveCfg = Release|Win32
		{46899FCC-F3C6-438E-B5F2-83C0C4220D16}.Release|x86.Build.0 = Release|Win32
	EndGlobalSection
	GlobalSection(SolutionProperties) = preSolution
		HideSolutionNode = FALSE
	EndGlobalSection
	GlobalSection(ExtensibilityGlobals) = postSolution
		SolutionGuid = {B7C397CE-A6E5-43AC-AAD6-1D40DA41CB36}
	EndGlobalSection
EndGlobal
