
Microsoft Visual Studio Solution File, Format Version 12.00
# Visual Studio Version 17
VisualStudioVersion = 17.11.35222.181
MinimumVisualStudioVersion = 10.0.40219.1
Project("{8BC9CEB8-8B4A-11D0-8D11-00A0C91BC942}") = "lab06", "lab06.vcxproj", "{56B068FD-85B7-4872-9605-6350E1D1072B}"
EndProject
Project("{8BC9CEB8-8B4A-11D0-8D11-00A0C91BC942}") = "LAB0601", "..\LAB0601\LAB0601.vcxproj", "{9B33A6CC-2EDC-40D5-944F-8A8EA6538E7F}"
EndProject
Project("{8BC9CEB8-8B4A-11D0-8D11-00A0C91BC942}") = "LAB0603", "..\LAB0603\LAB0603.vcxproj", "{FE5205C4-1B71-4201-8B8F-BB29DDE3D6D9}"
EndProject
Project("{8BC9CEB8-8B4A-11D0-8D11-00A0C91BC942}") = "LAB0604", "..\LAB0604\LAB0604.vcxproj", "{7F806E44-274D-4A0B-BDD8-9E416819A6FB}"
EndProject
Project("{8BC9CEB8-8B4A-11D0-8D11-00A0C91BC942}") = "LAB0605", "..\LAB0605\LAB0605.vcxproj", "{5570B9CC-1CEE-45EA-A69F-6B1E0ABA8DB1}"
EndProject
Global
	GlobalSection(SolutionConfigurationPlatforms) = preSolution
		Debug|x64 = Debug|x64
		Debug|x86 = Debug|x86
		Release|x64 = Release|x64
		Release|x86 = Release|x86
	EndGlobalSection
	GlobalSection(ProjectConfigurationPlatforms) = postSolution
		{56B068FD-85B7-4872-9605-6350E1D1072B}.Debug|x64.ActiveCfg = Debug|x64
		{56B068FD-85B7-4872-9605-6350E1D1072B}.Debug|x64.Build.0 = Debug|x64
		{56B068FD-85B7-4872-9605-6350E1D1072B}.Debug|x86.ActiveCfg = Debug|Win32
		{56B068FD-85B7-4872-9605-6350E1D1072B}.Debug|x86.Build.0 = Debug|Win32
		{56B068FD-85B7-4872-9605-6350E1D1072B}.Release|x64.ActiveCfg = Release|x64
		{56B068FD-85B7-4872-9605-6350E1D1072B}.Release|x64.Build.0 = Release|x64
		{56B068FD-85B7-4872-9605-6350E1D1072B}.Release|x86.ActiveCfg = Release|Win32
		{56B068FD-85B7-4872-9605-6350E1D1072B}.Release|x86.Build.0 = Release|Win32
		{9B33A6CC-2EDC-40D5-944F-8A8EA6538E7F}.Debug|x64.ActiveCfg = Debug|x64
		{9B33A6CC-2EDC-40D5-944F-8A8EA6538E7F}.Debug|x64.Build.0 = Debug|x64
		{9B33A6CC-2EDC-40D5-944F-8A8EA6538E7F}.Debug|x86.ActiveCfg = Debug|Win32
		{9B33A6CC-2EDC-40D5-944F-8A8EA6538E7F}.Debug|x86.Build.0 = Debug|Win32
		{9B33A6CC-2EDC-40D5-944F-8A8EA6538E7F}.Release|x64.ActiveCfg = Release|x64
		{9B33A6CC-2EDC-40D5-944F-8A8EA6538E7F}.Release|x64.Build.0 = Release|x64
		{9B33A6CC-2EDC-40D5-944F-8A8EA6538E7F}.Release|x86.ActiveCfg = Release|Win32
		{9B33A6CC-2EDC-40D5-944F-8A8EA6538E7F}.Release|x86.Build.0 = Release|Win32
		{FE5205C4-1B71-4201-8B8F-BB29DDE3D6D9}.Debug|x64.ActiveCfg = Debug|x64
		{FE5205C4-1B71-4201-8B8F-BB29DDE3D6D9}.Debug|x64.Build.0 = Debug|x64
		{FE5205C4-1B71-4201-8B8F-BB29DDE3D6D9}.Debug|x86.ActiveCfg = Debug|Win32
		{FE5205C4-1B71-4201-8B8F-BB29DDE3D6D9}.Debug|x86.Build.0 = Debug|Win32
		{FE5205C4-1B71-4201-8B8F-BB29DDE3D6D9}.Release|x64.ActiveCfg = Release|x64
		{FE5205C4-1B71-4201-8B8F-BB29DDE3D6D9}.Release|x64.Build.0 = Release|x64
		{FE5205C4-1B71-4201-8B8F-BB29DDE3D6D9}.Release|x86.ActiveCfg = Release|Win32
		{FE5205C4-1B71-4201-8B8F-BB29DDE3D6D9}.Release|x86.Build.0 = Release|Win32
		{7F806E44-274D-4A0B-BDD8-9E416819A6FB}.Debug|x64.ActiveCfg = Debug|x64
		{7F806E44-274D-4A0B-BDD8-9E416819A6FB}.Debug|x64.Build.0 = Debug|x64
		{7F806E44-274D-4A0B-BDD8-9E416819A6FB}.Debug|x86.ActiveCfg = Debug|Win32
		{7F806E44-274D-4A0B-BDD8-9E416819A6FB}.Debug|x86.Build.0 = Debug|Win32
		{7F806E44-274D-4A0B-BDD8-9E416819A6FB}.Release|x64.ActiveCfg = Release|x64
		{7F806E44-274D-4A0B-BDD8-9E416819A6FB}.Release|x64.Build.0 = Release|x64
		{7F806E44-274D-4A0B-BDD8-9E416819A6FB}.Release|x86.ActiveCfg = Release|Win32
		{7F806E44-274D-4A0B-BDD8-9E416819A6FB}.Release|x86.Build.0 = Release|Win32
		{5570B9CC-1CEE-45EA-A69F-6B1E0ABA8DB1}.Debug|x64.ActiveCfg = Debug|x64
		{5570B9CC-1CEE-45EA-A69F-6B1E0ABA8DB1}.Debug|x64.Build.0 = Debug|x64
		{5570B9CC-1CEE-45EA-A69F-6B1E0ABA8DB1}.Debug|x86.ActiveCfg = Debug|Win32
		{5570B9CC-1CEE-45EA-A69F-6B1E0ABA8DB1}.Debug|x86.Build.0 = Debug|Win32
		{5570B9CC-1CEE-45EA-A69F-6B1E0ABA8DB1}.Release|x64.ActiveCfg = Release|x64
		{5570B9CC-1CEE-45EA-A69F-6B1E0ABA8DB1}.Release|x64.Build.0 = Release|x64
		{5570B9CC-1CEE-45EA-A69F-6B1E0ABA8DB1}.Release|x86.ActiveCfg = Release|Win32
		{5570B9CC-1CEE-45EA-A69F-6B1E0ABA8DB1}.Release|x86.Build.0 = Release|Win32
	EndGlobalSection
	GlobalSection(SolutionProperties) = preSolution
		HideSolutionNode = FALSE
	EndGlobalSection
	GlobalSection(ExtensibilityGlobals) = postSolution
		SolutionGuid = {6B1A5810-2652-4277-BC80-FF32F5F66D80}
	EndGlobalSection
EndGlobal
